// !$*UTF8*$!
{
	archiveVersion = 1;
	classes = {
	};
	objectVersion = 56;
	objects = {

/* Begin PBXBuildFile section */
		3AA98222290F4D44003CEF42 /* AppDelegate.swift in Sources */ = {isa = PBXBuildFile; fileRef = 3AA98221290F4D44003CEF42 /* AppDelegate.swift */; };
		3AA98224290F4D44003CEF42 /* SceneDelegate.swift in Sources */ = {isa = PBXBuildFile; fileRef = 3AA98223290F4D44003CEF42 /* SceneDelegate.swift */; };
		3AA98226290F4D44003CEF42 /* ViewController.swift in Sources */ = {isa = PBXBuildFile; fileRef = 3AA98225290F4D44003CEF42 /* ViewController.swift */; };
		3AA98229290F4D44003CEF42 /* Main.storyboard in Resources */ = {isa = PBXBuildFile; fileRef = 3AA98227290F4D44003CEF42 /* Main.storyboard */; };
		3AA9822B290F4D45003CEF42 /* Assets.xcassets in Resources */ = {isa = PBXBuildFile; fileRef = 3AA9822A290F4D45003CEF42 /* Assets.xcassets */; };
		3AA9822E290F4D45003CEF42 /* LaunchScreen.storyboard in Resources */ = {isa = PBXBuildFile; fileRef = 3AA9822C290F4D45003CEF42 /* LaunchScreen.storyboard */; };
		3AF80F462919A19900456337 /* NameTableViewCell.swift in Sources */ = {isa = PBXBuildFile; fileRef = 3AF80F442919A19900456337 /* NameTableViewCell.swift */; };
		3AF80F472919A19900456337 /* NameTableViewCell.xib in Resources */ = {isa = PBXBuildFile; fileRef = 3AF80F452919A19900456337 /* NameTableViewCell.xib */; };
/* End PBXBuildFile section */

/* Begin PBXFileReference section */
		3AA9821E290F4D44003CEF42 /* TableViewAvancada.app */ = {isa = PBXFileReference; explicitFileType = wrapper.application; includeInIndex = 0; path = TableViewAvancada.app; sourceTree = BUILT_PRODUCTS_DIR; };
		3AA98221290F4D44003CEF42 /* AppDelegate.swift */ = {isa = PBXFileReference; lastKnownFileType = sourcecode.swift; path = AppDelegate.swift; sourceTree = "<group>"; };
		3AA98223290F4D44003CEF42 /* SceneDelegate.swift */ = {isa = PBXFileReference; lastKnownFileType = sourcecode.swift; path = SceneDelegate.swift; sourceTree = "<group>"; };
		3AA98225290F4D44003CEF42 /* ViewController.swift */ = {isa = PBXFileReference; lastKnownFileType = sourcecode.swift; path = ViewController.swift; sourceTree = "<group>"; };
		3AA98228290F4D44003CEF42 /* Base */ = {isa = PBXFileReference; lastKnownFileType = file.storyboard; name = Base; path = Base.lproj/Main.storyboard; sourceTree = "<group>"; };
		3AA9822A290F4D45003CEF42 /* Assets.xcassets */ = {isa = PBXFileReference; lastKnownFileType = folder.assetcatalog; path = Assets.xcassets; sourceTree = "<group>"; };
		3AA9822D290F4D45003CEF42 /* Base */ = {isa = PBXFileReference; lastKnownFileType = file.storyboard; name = Base; path = Base.lproj/LaunchScreen.storyboard; sourceTree = "<group>"; };
		3AA9822F290F4D45003CEF42 /* Info.plist */ = {isa = PBXFileReference; lastKnownFileType = text.plist.xml; path = Info.plist; sourceTree = "<group>"; };
		3AF80F442919A19900456337 /* NameTableViewCell.swift */ = {isa = PBXFileReference; lastKnownFileType = sourcecode.swift; path = NameTableViewCell.swift; sourceTree = "<group>"; };
		3AF80F452919A19900456337 /* NameTableViewCell.xib */ = {isa = PBXFileReference; lastKnownFileType = file.xib; path = NameTableViewCell.xib; sourceTree = "<group>"; };
/* End PBXFileReference section */

/* Begin PBXFrameworksBuildPhase section */
		3AA9821B290F4D44003CEF42 /* Frameworks */ = {
			isa = PBXFrameworksBuildPhase;
			buildActionMask = 2147483647;
			files = (
			);
			runOnlyForDeploymentPostprocessing = 0;
		};
/* End PBXFrameworksBuildPhase section */

/* Begin PBXGroup section */
		3AA98215290F4D44003CEF42 = {
			isa = PBXGroup;
			children = (
				3AA98220290F4D44003CEF42 /* TableViewAvancada */,
				3AA9821F290F4D44003CEF42 /* Products */,
			);
			sourceTree = "<group>";
		};
		3AA9821F290F4D44003CEF42 /* Products */ = {
			isa = PBXGroup;
			children = (
				3AA9821E290F4D44003CEF42 /* TableViewAvancada.app */,
			);
			name = Products;
			sourceTree = "<group>";
		};
		3AA98220290F4D44003CEF42 /* TableViewAvancada */ = {
			isa = PBXGroup;
			children = (
				3AA98235290F5580003CEF42 /* Cell */,
				3AA98221290F4D44003CEF42 /* AppDelegate.swift */,
				3AA98223290F4D44003CEF42 /* SceneDelegate.swift */,
				3AA98225290F4D44003CEF42 /* ViewController.swift */,
				3AA98227290F4D44003CEF42 /* Main.storyboard */,
				3AA9822A290F4D45003CEF42 /* Assets.xcassets */,
				3AA9822C290F4D45003CEF42 /* LaunchScreen.storyboard */,
				3AA9822F290F4D45003CEF42 /* Info.plist */,
			);
			path = TableViewAvancada;
			sourceTree = "<group>";
		};
		3AA98235290F5580003CEF42 /* Cell */ = {
			isa = PBXGroup;
			children = (
				3AF80F4329199FAA00456337 /* NameTableViewCell */,
			);
			path = Cell;
			sourceTree = "<group>";
		};
		3AF80F4329199FAA00456337 /* NameTableViewCell */ = {
			isa = PBXGroup;
			children = (
				3AF80F442919A19900456337 /* NameTableViewCell.swift */,
				3AF80F452919A19900456337 /* NameTableViewCell.xib */,
			);
			path = NameTableViewCell;
			sourceTree = "<group>";
		};
/* End PBXGroup section */

/* Begin PBXNativeTarget section */
		3AA9821D290F4D44003CEF42 /* TableViewAvancada */ = {
			isa = PBXNativeTarget;
			buildConfigurationList = 3AA98232290F4D45003CEF42 /* Build configuration list for PBXNativeTarget "TableViewAvancada" */;
			buildPhases = (
				3AA9821A290F4D44003CEF42 /* Sources */,
				3AA9821B290F4D44003CEF42 /* Frameworks */,
				3AA9821C290F4D44003CEF42 /* Resources */,
			);
			buildRules = (
			);
			dependencies = (
			);
			name = TableViewAvancada;
			productName = TableViewAvancada;
			productReference = 3AA9821E290F4D44003CEF42 /* TableViewAvancada.app */;
			productType = "com.apple.product-type.application";
		};
/* End PBXNativeTarget section */

/* Begin PBXProject section */
		3AA98216290F4D44003CEF42 /* Project object */ = {
			isa = PBXProject;
			attributes = {
				BuildIndependentTargetsInParallel = 1;
				LastSwiftUpdateCheck = 1400;
				LastUpgradeCheck = 1400;
				TargetAttributes = {
					3AA9821D290F4D44003CEF42 = {
						CreatedOnToolsVersion = 14.0.1;
					};
				};
			};
			buildConfigurationList = 3AA98219290F4D44003CEF42 /* Build configuration list for PBXProject "TableViewAvancada" */;
			compatibilityVersion = "Xcode 14.0";
			developmentRegion = en;
			hasScannedForEncodings = 0;
			knownRegions = (
				en,
				Base,
			);
			mainGroup = 3AA98215290F4D44003CEF42;
			productRefGroup = 3AA9821F290F4D44003CEF42 /* Products */;
			projectDirPath = "";
			projectRoot = "";
			targets = (
				3AA9821D290F4D44003CEF42 /* TableViewAvancada */,
			);
		};
/* End PBXProject section */

/* Begin PBXResourcesBuildPhase section */
		3AA9821C290F4D44003CEF42 /* Resources */ = {
			isa = PBXResourcesBuildPhase;
			buildActionMask = 2147483647;
			files = (
				3AA9822E290F4D45003CEF42 /* LaunchScreen.storyboard in Resources */,
				3AA9822B290F4D45003CEF42 /* Assets.xcassets in Resources */,
				3AF80F472919A19900456337 /* NameTableViewCell.xib in Resources */,
				3AA98229290F4D44003CEF42 /* Main.storyboard in Resources */,
			);
			runOnlyForDeploymentPostprocessing = 0;
		};
/* End PBXResourcesBuildPhase section */

/* Begin PBXSourcesBuildPhase section */
		3AA9821A290F4D44003CEF42 /* Sources */ = {
			isa = PBXSourcesBuildPhase;
			buildActionMask = 2147483647;
			files = (
				3AA98226290F4D44003CEF42 /* ViewController.swift in Sources */,
				3AA98222290F4D44003CEF42 /* AppDelegate.swift in Sources */,
				3AF80F462919A19900456337 /* NameTableViewCell.swift in Sources */,
				3AA98224290F4D44003CEF42 /* SceneDelegate.swift in Sources */,
			);
			runOnlyForDeploymentPostprocessing = 0;
		};
/* End PBXSourcesBuildPhase section */

/* Begin PBXVariantGroup section */
		3AA98227290F4D44003CEF42 /* Main.storyboard */ = {
			isa = PBXVariantGroup;
			children = (
				3AA98228290F4D44003CEF42 /* Base */,
			);
			name = Main.storyboard;
			sourceTree = "<group>";
		};
		3AA9822C290F4D45003CEF42 /* LaunchScreen.storyboard */ = {
			isa = PBXVariantGroup;
			children = (
				3AA9822D290F4D45003CEF42 /* Base */,
			);
			name = LaunchScreen.storyboard;
			sourceTree = "<group>";
		};
/* End PBXVariantGroup section */

/* Begin XCBuildConfiguration section */
		3AA98230290F4D45003CEF42 /* Debug */ = {
			isa = XCBuildConfiguration;
			buildSettings = {
				ALWAYS_SEARCH_USER_PATHS = NO;
				CLANG_ANALYZER_NONNULL = YES;
				CLANG_ANALYZER_NUMBER_OBJECT_CONVERSION = YES_AGGRESSIVE;
				CLANG_CXX_LANGUAGE_STANDARD = "gnu++20";
				CLANG_ENABLE_MODULES = YES;
				CLANG_ENABLE_OBJC_ARC = YES;
				CLANG_ENABLE_OBJC_WEAK = YES;
				CLANG_WARN_BLOCK_CAPTURE_AUTORELEASING = YES;
				CLANG_WARN_BOOL_CONVERSION = YES;
				CLANG_WARN_COMMA = YES;
				CLANG_WARN_CONSTANT_CONVERSION = YES;
				CLANG_WARN_DEPRECATED_OBJC_IMPLEMENTATIONS = YES;
				CLANG_WARN_DIRECT_OBJC_ISA_USAGE = YES_ERROR;
				CLANG_WARN_DOCUMENTATION_COMMENTS = YES;
				CLANG_WARN_EMPTY_BODY = YES;
				CLANG_WARN_ENUM_CONVERSION = YES;
				CLANG_WARN_INFINITE_RECURSION = YES;
				CLANG_WARN_INT_CONVERSION = YES;
				CLANG_WARN_NON_LITERAL_NULL_CONVERSION = YES;
				CLANG_WARN_OBJC_IMPLICIT_RETAIN_SELF = YES;
				CLANG_WARN_OBJC_LITERAL_CONVERSION = YES;
				CLANG_WARN_OBJC_ROOT_CLASS = YES_ERROR;
				CLANG_WARN_QUOTED_INCLUDE_IN_FRAMEWORK_HEADER = YES;
				CLANG_WARN_RANGE_LOOP_ANALYSIS = YES;
				CLANG_WARN_STRICT_PROTOTYPES = YES;
				CLANG_WARN_SUSPICIOUS_MOVE = YES;
				CLANG_WARN_UNGUARDED_AVAILABILITY = YES_AGGRESSIVE;
				CLANG_WARN_UNREACHABLE_CODE = YES;
				CLANG_WARN__DUPLICATE_METHOD_MATCH = YES;
				COPY_PHASE_STRIP = NO;
				DEBUG_INFORMATION_FORMAT = dwarf;
				ENABLE_STRICT_OBJC_MSGSEND = YES;
				ENABLE_TESTABILITY = YES;
				GCC_C_LANGUAGE_STANDARD = gnu11;
				GCC_DYNAMIC_NO_PIC = NO;
				GCC_NO_COMMON_BLOCKS = YES;
				GCC_OPTIMIZATION_LEVEL = 0;
				GCC_PREPROCESSOR_DEFINITIONS = (
					"DEBUG=1",
					"$(inherited)",
				);
				GCC_WARN_64_TO_32_BIT_CONVERSION = YES;
				GCC_WARN_ABOUT_RETURN_TYPE = YES_ERROR;
				GCC_WARN_UNDECLARED_SELECTOR = YES;
				GCC_WARN_UNINITIALIZED_AUTOS = YES_AGGRESSIVE;
				GCC_WARN_UNUSED_FUNCTION = YES;
				GCC_WARN_UNUSED_VARIABLE = YES;
				IPHONEOS_DEPLOYMENT_TARGET = 16.0;
				MTL_ENABLE_DEBUG_INFO = INCLUDE_SOURCE;
				MTL_FAST_MATH = YES;
				ONLY_ACTIVE_ARCH = YES;
				SDKROOT = iphoneos;
				SWIFT_ACTIVE_COMPILATION_CONDITIONS = DEBUG;
				SWIFT_OPTIMIZATION_LEVEL = "-Onone";
			};
			name = Debug;
		};
		3AA98231290F4D45003CEF42 /* Release */ = {
			isa = XCBuildConfiguration;
			buildSettings = {
				ALWAYS_SEARCH_USER_PATHS = NO;
				CLANG_ANALYZER_NONNULL = YES;
				CLANG_ANALYZER_NUMBER_OBJECT_CONVERSION = YES_AGGRESSIVE;
				CLANG_CXX_LANGUAGE_STANDARD = "gnu++20";
				CLANG_ENABLE_MODULES = YES;
				CLANG_ENABLE_OBJC_ARC = YES;
				CLANG_ENABLE_OBJC_WEAK = YES;
				CLANG_WARN_BLOCK_CAPTURE_AUTORELEASING = YES;
				CLANG_WARN_BOOL_CONVERSION = YES;
				CLANG_WARN_COMMA = YES;
				CLANG_WARN_CONSTANT_CONVERSION = YES;
				CLANG_WARN_DEPRECATED_OBJC_IMPLEMENTATIONS = YES;
				CLANG_WARN_DIRECT_OBJC_ISA_USAGE = YES_ERROR;
				CLANG_WARN_DOCUMENTATION_COMMENTS = YES;
				CLANG_WARN_EMPTY_BODY = YES;
				CLANG_WARN_ENUM_CONVERSION = YES;
				CLANG_WARN_INFINITE_RECURSION = YES;
				CLANG_WARN_INT_CONVERSION = YES;
				CLANG_WARN_NON_LITERAL_NULL_CONVERSION = YES;
				CLANG_WARN_OBJC_IMPLICIT_RETAIN_SELF = YES;
				CLANG_WARN_OBJC_LITERAL_CONVERSION = YES;
				CLANG_WARN_OBJC_ROOT_CLASS = YES_ERROR;
				CLANG_WARN_QUOTED_INCLUDE_IN_FRAMEWORK_HEADER = YES;
				CLANG_WARN_RANGE_LOOP_ANALYSIS = YES;
				CLANG_WARN_STRICT_PROTOTYPES = YES;
				CLANG_WARN_SUSPICIOUS_MOVE = YES;
				CLANG_WARN_UNGUARDED_AVAILABILITY = YES_AGGRESSIVE;
				CLANG_WARN_UNREACHABLE_CODE = YES;
				CLANG_WARN__DUPLICATE_METHOD_MATCH = YES;
				COPY_PHASE_STRIP = NO;
				DEBUG_INFORMATION_FORMAT = "dwarf-with-dsym";
				ENABLE_NS_ASSERTIONS = NO;
				ENABLE_STRICT_OBJC_MSGSEND = YES;
				GCC_C_LANGUAGE_STANDARD = gnu11;
				GCC_NO_COMMON_BLOCKS = YES;
				GCC_WARN_64_TO_32_BIT_CONVERSION = YES;
				GCC_WARN_ABOUT_RETURN_TYPE = YES_ERROR;
				GCC_WARN_UNDECLARED_SELECTOR = YES;
				GCC_WARN_UNINITIALIZED_AUTOS = YES_AGGRESSIVE;
				GCC_WARN_UNUSED_FUNCTION = YES;
				GCC_WARN_UNUSED_VARIABLE = YES;
				IPHONEOS_DEPLOYMENT_TARGET = 16.0;
				MTL_ENABLE_DEBUG_INFO = NO;
				MTL_FAST_MATH = YES;
				SDKROOT = iphoneos;
				SWIFT_COMPILATION_MODE = wholemodule;
				SWIFT_OPTIMIZATION_LEVEL = "-O";
				VALIDATE_PRODUCT = YES;
			};
			name = Release;
		};
		3AA98233290F4D45003CEF42 /* Debug */ = {
			isa = XCBuildConfiguration;
			buildSettings = {
				ASSETCATALOG_COMPILER_APPICON_NAME = AppIcon;
				ASSETCATALOG_COMPILER_GLOBAL_ACCENT_COLOR_NAME = AccentColor;
				CODE_SIGN_STYLE = Automatic;
				CURRENT_PROJECT_VERSION = 1;
				DEVELOPMENT_TEAM = X26KRUA5SY;
				GENERATE_INFOPLIST_FILE = YES;
				INFOPLIST_FILE = TableViewAvancada/Info.plist;
				INFOPLIST_KEY_UIApplicationSupportsIndirectInputEvents = YES;
				INFOPLIST_KEY_UILaunchStoryboardName = LaunchScreen;
				INFOPLIST_KEY_UIMainStoryboardFile = Main;
				INFOPLIST_KEY_UISupportedInterfaceOrientations_iPad = "UIInterfaceOrientationPortrait UIInterfaceOrientationPortraitUpsideDown UIInterfaceOrientationLandscapeLeft UIInterfaceOrientationLandscapeRight";
				INFOPLIST_KEY_UISupportedInterfaceOrientations_iPhone = "UIInterfaceOrientationPortrait UIInterfaceOrientationLandscapeLeft UIInterfaceOrientationLandscapeRight";
				LD_RUNPATH_SEARCH_PATHS = (
					"$(inherited)",
					"@executable_path/Frameworks",
				);
				MARKETING_VERSION = 1.0;
				PRODUCT_BUNDLE_IDENTIFIER = BackFront.TableViewAvancada;
				PRODUCT_NAME = "$(TARGET_NAME)";
				SWIFT_EMIT_LOC_STRINGS = YES;
				SWIFT_VERSION = 5.0;
				TARGETED_DEVICE_FAMILY = "1,2";
			};
			name = Debug;
		};
		3AA98234290F4D45003CEF42 /* Release */ = {
			isa = XCBuildConfiguration;
			buildSettings = {
				ASSETCATALOG_COMPILER_APPICON_NAME = AppIcon;
				ASSETCATALOG_COMPILER_GLOBAL_ACCENT_COLOR_NAME = AccentColor;
				CODE_SIGN_STYLE = Automatic;
				CURRENT_PROJECT_VERSION = 1;
				DEVELOPMENT_TEAM = X26KRUA5SY;
				GENERATE_INFOPLIST_FILE = YES;
				INFOPLIST_FILE = TableViewAvancada/Info.plist;
				INFOPLIST_KEY_UIApplicationSupportsIndirectInputEvents = YES;
				INFOPLIST_KEY_UILaunchStoryboardName = LaunchScreen;
				INFOPLIST_KEY_UIMainStoryboardFile = Main;
				INFOPLIST_KEY_UISupportedInterfaceOrientations_iPad = "UIInterfaceOrientationPortrait UIInterfaceOrientationPortraitUpsideDown UIInterfaceOrientationLandscapeLeft UIInterfaceOrientationLandscapeRight";
				INFOPLIST_KEY_UISupportedInterfaceOrientations_iPhone = "UIInterfaceOrientationPortrait UIInterfaceOrientationLandscapeLeft UIInterfaceOrientationLandscapeRight";
				LD_RUNPATH_SEARCH_PATHS = (
					"$(inherited)",
					"@executable_path/Frameworks",
				);
				MARKETING_VERSION = 1.0;
				PRODUCT_BUNDLE_IDENTIFIER = BackFront.TableViewAvancada;
				PRODUCT_NAME = "$(TARGET_NAME)";
				SWIFT_EMIT_LOC_STRINGS = YES;
				SWIFT_VERSION = 5.0;
				TARGETED_DEVICE_FAMILY = "1,2";
			};
			name = Release;
		};
/* End XCBuildConfiguration section */

/* Begin XCConfigurationList section */
		3AA98219290F4D44003CEF42 /* Build configuration list for PBXProject "TableViewAvancada" */ = {
			isa = XCConfigurationList;
			buildConfigurations = (
				3AA98230290F4D45003CEF42 /* Debug */,
				3AA98231290F4D45003CEF42 /* Release */,
			);
			defaultConfigurationIsVisible = 0;
			defaultConfigurationName = Release;
		};
		3AA98232290F4D45003CEF42 /* Build configuration list for PBXNativeTarget "TableViewAvancada" */ = {
			isa = XCConfigurationList;
			buildConfigurations = (
				3AA98233290F4D45003CEF42 /* Debug */,
				3AA98234290F4D45003CEF42 /* Release */,
			);
			defaultConfigurationIsVisible = 0;
			defaultConfigurationName = Release;
		};
/* End XCConfigurationList section */
	};
	rootObject = 3AA98216290F4D44003CEF42 /* Project object */;
}
